
Microsoft Visual Studio Solution File, Format Version 12.00
# Visual Studio Version 16
VisualStudioVersion = 16.0.30523.141
MinimumVisualStudioVersion = 10.0.40219.1
Project("{FAE04EC0-301F-11D3-BF4B-00C04F79EFBC}") = "Vidly", "Vidly\Vidly.csproj", "{528C1255-B3E6-4BAD-8E56-637AAE75E3F3}"
EndProject
Global
	GlobalSection(SolutionConfigurationPlatforms) = preSolution
		Debug|Any CPU = Debug|Any CPU
		Release|Any CPU = Release|Any CPU
	EndGlobalSection
	GlobalSection(ProjectConfigurationPlatforms) = postSolution
		{528C1255-B3E6-4BAD-8E56-637AAE75E3F3}.Debug|Any CPU.ActiveCfg = Debug|Any CPU
		{528C1255-B3E6-4BAD-8E56-637AAE75E3F3}.Debug|Any CPU.Build.0 = Debug|Any CPU
		{528C1255-B3E6-4BAD-8E56-637AAE75E3F3}.Release|Any CPU.ActiveCfg = Release|Any CPU
		{528C1255-B3E6-4BAD-8E56-637AAE75E3F3}.Release|Any CPU.Build.0 = Release|Any CPU
	EndGlobalSection
	GlobalSection(SolutionProperties) = preSolution
		HideSolutionNode = FALSE
	EndGlobalSection
	GlobalSection(ExtensibilityGlobals) = postSolution
		SolutionGuid = {FB6DC5AA-F7CD-41D1-812B-6B8A0A857C34}
	EndGlobalSection
EndGlobal
